
Microsoft Visual Studio Solution File, Format Version 12.00
# Visual Studio Version 17
VisualStudioVersion = 17.8.34330.188
MinimumVisualStudioVersion = 10.0.40219.1
Project("{FAE04EC0-301F-11D3-BF4B-00C04F79EFBC}") = "GitSample", "GitSample\GitSample.csproj", "{9C9BDC72-68AC-4BFB-A6D9-770F50669ACF}"
EndProject
Global
	GlobalSection(SolutionConfigurationPlatforms) = preSolution
		Debug|Any CPU = Debug|Any CPU
		Release|Any CPU = Release|Any CPU
	EndGlobalSection
	GlobalSection(ProjectConfigurationPlatforms) = postSolution
		{9C9BDC72-68AC-4BFB-A6D9-770F50669ACF}.Debug|Any CPU.ActiveCfg = Debug|Any CPU
		{9C9BDC72-68AC-4BFB-A6D9-770F50669ACF}.Debug|Any CPU.Build.0 = Debug|Any CPU
		{9C9BDC72-68AC-4BFB-A6D9-770F50669ACF}.Release|Any CPU.ActiveCfg = Release|Any CPU
		{9C9BDC72-68AC-4BFB-A6D9-770F50669ACF}.Release|Any CPU.Build.0 = Release|Any CPU
	EndGlobalSection
	GlobalSection(SolutionProperties) = preSolution
		HideSolutionNode = FALSE
	EndGlobalSection
	GlobalSection(ExtensibilityGlobals) = postSolution
		SolutionGuid = {AB15AE60-704A-49C1-9574-21AD41AD617A}
	EndGlobalSection
EndGlobal
